
Microsoft Visual Studio Solution File, Format Version 12.00
# Visual Studio Version 16
VisualStudioVersion = 16.0.29609.76
MinimumVisualStudioVersion = 10.0.40219.1
Project("{FAE04EC0-301F-11D3-BF4B-00C04F79EFBC}") = "SOLID Open Closed Principle Quete 4", "SOLID Open Closed Principle Quete 4.csproj", "{34B481A2-3B0D-4D94-962C-7D42D12B4E29}"
EndProject
Global
	GlobalSection(SolutionConfigurationPlatforms) = preSolution
		Debug|Any CPU = Debug|Any CPU
		Release|Any CPU = Release|Any CPU
	EndGlobalSection
	GlobalSection(ProjectConfigurationPlatforms) = postSolution
		{34B481A2-3B0D-4D94-962C-7D42D12B4E29}.Debug|Any CPU.ActiveCfg = Debug|Any CPU
		{34B481A2-3B0D-4D94-962C-7D42D12B4E29}.Debug|Any CPU.Build.0 = Debug|Any CPU
		{34B481A2-3B0D-4D94-962C-7D42D12B4E29}.Release|Any CPU.ActiveCfg = Release|Any CPU
		{34B481A2-3B0D-4D94-962C-7D42D12B4E29}.Release|Any CPU.Build.0 = Release|Any CPU
	EndGlobalSection
	GlobalSection(SolutionProperties) = preSolution
		HideSolutionNode = FALSE
	EndGlobalSection
	GlobalSection(ExtensibilityGlobals) = postSolution
		SolutionGuid = {D4E88017-E311-46DD-807A-EAFA9544F574}
	EndGlobalSection
EndGlobal
